
Microsoft Visual Studio Solution File, Format Version 12.00
# Visual Studio Version 16
VisualStudioVersion = 16.0.31729.503
MinimumVisualStudioVersion = 10.0.40219.1
Project("{FAE04EC0-301F-11D3-BF4B-00C04F79EFBC}") = "Tedliu.MVC", "Tedliu.MVC.csproj", "{34382DD9-747A-4F08-837D-D399EDE39352}"
EndProject
Global
	GlobalSection(SolutionConfigurationPlatforms) = preSolution
		Debug|Any CPU = Debug|Any CPU
		Release|Any CPU = Release|Any CPU
	EndGlobalSection
	GlobalSection(ProjectConfigurationPlatforms) = postSolution
		{34382DD9-747A-4F08-837D-D399EDE39352}.Debug|Any CPU.ActiveCfg = Debug|Any CPU
		{34382DD9-747A-4F08-837D-D399EDE39352}.Debug|Any CPU.Build.0 = Debug|Any CPU
		{34382DD9-747A-4F08-837D-D399EDE39352}.Release|Any CPU.ActiveCfg = Release|Any CPU
		{34382DD9-747A-4F08-837D-D399EDE39352}.Release|Any CPU.Build.0 = Release|Any CPU
	EndGlobalSection
	GlobalSection(SolutionProperties) = preSolution
		HideSolutionNode = FALSE
	EndGlobalSection
	GlobalSection(ExtensibilityGlobals) = postSolution
		SolutionGuid = {55C4061F-2144-4087-B147-BB6D76223FBB}
	EndGlobalSection
EndGlobal
